
Microsoft Visual Studio Solution File, Format Version 12.00
# Visual Web Developer Express 11
Project("{E24C65DC-7377-472B-9ABA-BC803B73C61A}") = "SyntaxHighligherPlus", ".", "{096E64AA-7FFE-40EC-BA51-5B6D4250F2B3}"
	ProjectSection(WebsiteProperties) = preProject
		Debug.AspNetCompiler.Debug = "True"
		Debug.AspNetCompiler.FixedNames = "false"
		Debug.AspNetCompiler.ForceOverwrite = "true"
		Debug.AspNetCompiler.PhysicalPath = "..\SyntaxHighligherPlus\"
		Debug.AspNetCompiler.TargetPath = "PrecompiledWeb\FormControlsPart2\"
		Debug.AspNetCompiler.Updateable = "true"
		Debug.AspNetCompiler.VirtualPath = "/FormControlsPart2"
		Release.AspNetCompiler.Debug = "False"
		Release.AspNetCompiler.FixedNames = "false"
		Release.AspNetCompiler.ForceOverwrite = "true"
		Release.AspNetCompiler.PhysicalPath = "..\SyntaxHighligherPlus\"
		Release.AspNetCompiler.TargetPath = "PrecompiledWeb\FormControlsPart2\"
		Release.AspNetCompiler.Updateable = "true"
		Release.AspNetCompiler.VirtualPath = "/FormControlsPart2"
		TargetFrameworkMoniker = ".NETFramework,Version%3Dv4.0"
		VWDPort = "48192"
	EndProjectSection
EndProject
Global
	GlobalSection(SolutionConfigurationPlatforms) = preSolution
		Debug|Any CPU = Debug|Any CPU
	EndGlobalSection
	GlobalSection(ProjectConfigurationPlatforms) = postSolution
		{096E64AA-7FFE-40EC-BA51-5B6D4250F2B3}.Debug|Any CPU.ActiveCfg = Debug|Any CPU
		{096E64AA-7FFE-40EC-BA51-5B6D4250F2B3}.Debug|Any CPU.Deploy.0 = Debug|Any CPU
	EndGlobalSection
	GlobalSection(SolutionProperties) = preSolution
		HideSolutionNode = FALSE
	EndGlobalSection
EndGlobal
